// !$*UTF8*$!
{
	archiveVersion = 1;
	classes = {
	};
	objectVersion = 46;
	objects = {

/* Begin PBXBuildFile section */
		BE1A4AD01A0D1399002983C2 /* Reachability.m in Sources */ = {isa = PBXBuildFile; fileRef = BE1A4ACF1A0D1399002983C2 /* Reachability.m */; };
		BE3013431BD67AF400EE5B7D /* GStreamer.framework in Frameworks */ = {isa = PBXBuildFile; fileRef = BE3013421BD67AF400EE5B7D /* GStreamer.framework */; };
		BE3013461BD67BE900EE5B7D /* gst_ios_init.m in Sources */ = {isa = PBXBuildFile; fileRef = BE3013451BD67BE900EE5B7D /* gst_ios_init.m */; settings = {ASSET_TAGS = (); }; };
		BE3013481BD6807000EE5B7D /* CoreMedia.framework in Frameworks */ = {isa = PBXBuildFile; fileRef = BE3013471BD6807000EE5B7D /* CoreMedia.framework */; };
		BE30134A1BD680A000EE5B7D /* AVFoundation.framework in Frameworks */ = {isa = PBXBuildFile; fileRef = BE3013491BD680A000EE5B7D /* AVFoundation.framework */; };
		BE30134C1BD680A900EE5B7D /* CoreAudio.framework in Frameworks */ = {isa = PBXBuildFile; fileRef = BE30134B1BD680A900EE5B7D /* CoreAudio.framework */; };
		BE30134E1BD680AE00EE5B7D /* CoreVideo.framework in Frameworks */ = {isa = PBXBuildFile; fileRef = BE30134D1BD680AE00EE5B7D /* CoreVideo.framework */; };
		BE3013501BD680C900EE5B7D /* AudioToolbox.framework in Frameworks */ = {isa = PBXBuildFile; fileRef = BE30134F1BD680C900EE5B7D /* AudioToolbox.framework */; };
		BE3013521BD680FA00EE5B7D /* VideoToolbox.framework in Frameworks */ = {isa = PBXBuildFile; fileRef = BE3013511BD680FA00EE5B7D /* VideoToolbox.framework */; };
		BE3F13711BCEACBE00334757 /* libspice-mono-glue.a in Frameworks */ = {isa = PBXBuildFile; fileRef = BE3F13701BCEACBE00334757 /* libspice-mono-glue.a */; };
		BE4AF8A71BC68033007022C3 /* libspice-client-glib-2.0.a in Frameworks */ = {isa = PBXBuildFile; fileRef = BE4AF8A61BC68033007022C3 /* libspice-client-glib-2.0.a */; };
		BE4AF8A91BC68446007022C3 /* libssl.a in Frameworks */ = {isa = PBXBuildFile; fileRef = BE4AF8A81BC68446007022C3 /* libssl.a */; };
		BE4AF8AB1BC68461007022C3 /* libcrypto.a in Frameworks */ = {isa = PBXBuildFile; fileRef = BE4AF8AA1BC68461007022C3 /* libcrypto.a */; };
		BE4AF8AD1BC68481007022C3 /* libnopoll.a in Frameworks */ = {isa = PBXBuildFile; fileRef = BE4AF8AC1BC68481007022C3 /* libnopoll.a */; };
		BE588B161A24EE4000ACED16 /* beep-timber.aif in Resources */ = {isa = PBXBuildFile; fileRef = BE588B151A24EE4000ACED16 /* beep-timber.aif */; };
		BE5D39441A1233A7008C2094 /* config_icon.png in Resources */ = {isa = PBXBuildFile; fileRef = BE5D39411A1233A7008C2094 /* config_icon.png */; };
		BE5D39451A1233A7008C2094 /* flexvdi_icon.png in Resources */ = {isa = PBXBuildFile; fileRef = BE5D39421A1233A7008C2094 /* flexvdi_icon.png */; };
		BE5D394B1A1235DF008C2094 /* Localizable.strings in Resources */ = {isa = PBXBuildFile; fileRef = BE5D394A1A1235DF008C2094 /* Localizable.strings */; };
		BE5D394D1A1255D2008C2094 /* barra_sup.png in Resources */ = {isa = PBXBuildFile; fileRef = BE5D394C1A1255D2008C2094 /* barra_sup.png */; };
		BEA2334C1A0CC575007978B5 /* MainViewController.m in Sources */ = {isa = PBXBuildFile; fileRef = BEA2334B1A0CC575007978B5 /* MainViewController.m */; };
		BEA2F8611A0BB94B00C2D8BF /* LoginController.m in Sources */ = {isa = PBXBuildFile; fileRef = BEA2F8601A0BB94B00C2D8BF /* LoginController.m */; };
		BEA2F8641A0BBB2600C2D8BF /* Toast+UIView.m in Sources */ = {isa = PBXBuildFile; fileRef = BEA2F8631A0BBB2600C2D8BF /* Toast+UIView.m */; };
		BEA2F8681A0BBBF800C2D8BF /* DesktopTableViewCell.m in Sources */ = {isa = PBXBuildFile; fileRef = BEA2F8661A0BBBF800C2D8BF /* DesktopTableViewCell.m */; };
		BEA2F8EC1A0BCC9F00C2D8BF /* ConfigViewController.m in Sources */ = {isa = PBXBuildFile; fileRef = BEA2F8EB1A0BCC9F00C2D8BF /* ConfigViewController.m */; };
		BEAF3EC81A0A488F0056C6A8 /* keyboard.png in Resources */ = {isa = PBXBuildFile; fileRef = BEAF3EC71A0A488F0056C6A8 /* keyboard.png */; };
		BEAF3ECB1A0A6BB00056C6A8 /* KeyboardView.m in Sources */ = {isa = PBXBuildFile; fileRef = BEAF3ECA1A0A6BB00056C6A8 /* KeyboardView.m */; };
		BEE6190B1A13696800448F71 /* Main_iPad.storyboard in Resources */ = {isa = PBXBuildFile; fileRef = BEE619091A13696800448F71 /* Main_iPad.storyboard */; };
		BEF904CD1BD4D84A009F363D /* HockeySDK.framework in Frameworks */ = {isa = PBXBuildFile; fileRef = BEF904CC1BD4D84A009F363D /* HockeySDK.framework */; };
		BEF904D01BD4E8C0009F363D /* HockeySDK.xcconfig in Resources */ = {isa = PBXBuildFile; fileRef = BEF904CE1BD4E8C0009F363D /* HockeySDK.xcconfig */; settings = {ASSET_TAGS = (); }; };
		BEF904D11BD4E8C0009F363D /* HockeySDKResources.bundle in Resources */ = {isa = PBXBuildFile; fileRef = BEF904CF1BD4E8C0009F363D /* HockeySDKResources.bundle */; settings = {ASSET_TAGS = (); }; };
		D8985CFE1A03BA6E00B240FF /* libiconv.dylib in Frameworks */ = {isa = PBXBuildFile; fileRef = D8985CFD1A03BA6E00B240FF /* libiconv.dylib */; };
		D8985D001A03BB2100B240FF /* libresolv.dylib in Frameworks */ = {isa = PBXBuildFile; fileRef = D8985CFF1A03BB2100B240FF /* libresolv.dylib */; };
		D8985D0A1A03D82200B240FF /* ES1Renderer.m in Sources */ = {isa = PBXBuildFile; fileRef = D8985D091A03D82200B240FF /* ES1Renderer.m */; };
		D8FD56311A03A77A00292158 /* Foundation.framework in Frameworks */ = {isa = PBXBuildFile; fileRef = D8FD56301A03A77A00292158 /* Foundation.framework */; };
		D8FD56331A03A77A00292158 /* CoreGraphics.framework in Frameworks */ = {isa = PBXBuildFile; fileRef = D8FD56321A03A77A00292158 /* CoreGraphics.framework */; };
		D8FD56351A03A77A00292158 /* UIKit.framework in Frameworks */ = {isa = PBXBuildFile; fileRef = D8FD56341A03A77A00292158 /* UIKit.framework */; };
		D8FD56371A03A77A00292158 /* GLKit.framework in Frameworks */ = {isa = PBXBuildFile; fileRef = D8FD56361A03A77A00292158 /* GLKit.framework */; };
		D8FD56391A03A77A00292158 /* OpenGLES.framework in Frameworks */ = {isa = PBXBuildFile; fileRef = D8FD56381A03A77A00292158 /* OpenGLES.framework */; };
		D8FD563F1A03A77A00292158 /* InfoPlist.strings in Resources */ = {isa = PBXBuildFile; fileRef = D8FD563D1A03A77A00292158 /* InfoPlist.strings */; };
		D8FD56411A03A77A00292158 /* main.m in Sources */ = {isa = PBXBuildFile; fileRef = D8FD56401A03A77A00292158 /* main.m */; };
		D8FD56451A03A77A00292158 /* AppDelegate.m in Sources */ = {isa = PBXBuildFile; fileRef = D8FD56441A03A77A00292158 /* AppDelegate.m */; };
		D8FD56481A03A77A00292158 /* Main_iPhone.storyboard in Resources */ = {isa = PBXBuildFile; fileRef = D8FD56461A03A77A00292158 /* Main_iPhone.storyboard */; };
		D8FD56521A03A77A00292158 /* MainView.m in Sources */ = {isa = PBXBuildFile; fileRef = D8FD56511A03A77A00292158 /* MainView.m */; };
		D8FD56541A03A77A00292158 /* Images.xcassets in Resources */ = {isa = PBXBuildFile; fileRef = D8FD56531A03A77A00292158 /* Images.xcassets */; };
		D8FD567A1A03A8BD00292158 /* draw.c in Sources */ = {isa = PBXBuildFile; fileRef = D8FD56721A03A8BD00292158 /* draw.c */; };
		D8FD567B1A03A8BD00292158 /* io_interface.c in Sources */ = {isa = PBXBuildFile; fileRef = D8FD56751A03A8BD00292158 /* io_interface.c */; };
		D8FD567C1A03A8BD00292158 /* spice.c in Sources */ = {isa = PBXBuildFile; fileRef = D8FD56781A03A8BD00292158 /* spice.c */; };
/* End PBXBuildFile section */

/* Begin PBXFileReference section */
		BE1A4ACE1A0D1399002983C2 /* Reachability.h */ = {isa = PBXFileReference; fileEncoding = 4; lastKnownFileType = sourcecode.c.h; path = Reachability.h; sourceTree = "<group>"; };
		BE1A4ACF1A0D1399002983C2 /* Reachability.m */ = {isa = PBXFileReference; fileEncoding = 4; lastKnownFileType = sourcecode.c.objc; path = Reachability.m; sourceTree = "<group>"; };
		BE3013421BD67AF400EE5B7D /* GStreamer.framework */ = {isa = PBXFileReference; lastKnownFileType = wrapper.framework; name = GStreamer.framework; path = ../../../../Library/Frameworks/GStreamer.framework; sourceTree = "<group>"; };
		BE3013441BD67BC100EE5B7D /* gst_ios_init.h */ = {isa = PBXFileReference; lastKnownFileType = sourcecode.c.h; path = gst_ios_init.h; sourceTree = "<group>"; };
		BE3013451BD67BE900EE5B7D /* gst_ios_init.m */ = {isa = PBXFileReference; fileEncoding = 4; lastKnownFileType = sourcecode.c.objc; path = gst_ios_init.m; sourceTree = "<group>"; };
		BE3013471BD6807000EE5B7D /* CoreMedia.framework */ = {isa = PBXFileReference; lastKnownFileType = wrapper.framework; name = CoreMedia.framework; path = System/Library/Frameworks/CoreMedia.framework; sourceTree = SDKROOT; };
		BE3013491BD680A000EE5B7D /* AVFoundation.framework */ = {isa = PBXFileReference; lastKnownFileType = wrapper.framework; name = AVFoundation.framework; path = System/Library/Frameworks/AVFoundation.framework; sourceTree = SDKROOT; };
		BE30134B1BD680A900EE5B7D /* CoreAudio.framework */ = {isa = PBXFileReference; lastKnownFileType = wrapper.framework; name = CoreAudio.framework; path = System/Library/Frameworks/CoreAudio.framework; sourceTree = SDKROOT; };
		BE30134D1BD680AE00EE5B7D /* CoreVideo.framework */ = {isa = PBXFileReference; lastKnownFileType = wrapper.framework; name = CoreVideo.framework; path = System/Library/Frameworks/CoreVideo.framework; sourceTree = SDKROOT; };
		BE30134F1BD680C900EE5B7D /* AudioToolbox.framework */ = {isa = PBXFileReference; lastKnownFileType = wrapper.framework; name = AudioToolbox.framework; path = System/Library/Frameworks/AudioToolbox.framework; sourceTree = SDKROOT; };
		BE3013511BD680FA00EE5B7D /* VideoToolbox.framework */ = {isa = PBXFileReference; lastKnownFileType = wrapper.framework; name = VideoToolbox.framework; path = System/Library/Frameworks/VideoToolbox.framework; sourceTree = SDKROOT; };
		BE3F13701BCEACBE00334757 /* libspice-mono-glue.a */ = {isa = PBXFileReference; lastKnownFileType = archive.ar; name = "libspice-mono-glue.a"; path = "../../cerbero/dist/ios_universal/lib/libspice-mono-glue.a"; sourceTree = "<group>"; };
		BE4AF8A61BC68033007022C3 /* libspice-client-glib-2.0.a */ = {isa = PBXFileReference; lastKnownFileType = archive.ar; name = "libspice-client-glib-2.0.a"; path = "../../cerbero/dist/ios_universal/lib/libspice-client-glib-2.0.a"; sourceTree = "<group>"; };
		BE4AF8A81BC68446007022C3 /* libssl.a */ = {isa = PBXFileReference; lastKnownFileType = archive.ar; name = libssl.a; path = ../../cerbero/dist/ios_universal/lib/libssl.a; sourceTree = "<group>"; };
		BE4AF8AA1BC68461007022C3 /* libcrypto.a */ = {isa = PBXFileReference; lastKnownFileType = archive.ar; name = libcrypto.a; path = ../../cerbero/dist/ios_universal/lib/libcrypto.a; sourceTree = "<group>"; };
		BE4AF8AC1BC68481007022C3 /* libnopoll.a */ = {isa = PBXFileReference; lastKnownFileType = archive.ar; name = libnopoll.a; path = ../../cerbero/dist/ios_universal/lib/libnopoll.a; sourceTree = "<group>"; };
		BE588B151A24EE4000ACED16 /* beep-timber.aif */ = {isa = PBXFileReference; lastKnownFileType = file; path = "beep-timber.aif"; sourceTree = "<group>"; };
		BE5D39411A1233A7008C2094 /* config_icon.png */ = {isa = PBXFileReference; lastKnownFileType = image.png; path = config_icon.png; sourceTree = "<group>"; };
		BE5D39421A1233A7008C2094 /* flexvdi_icon.png */ = {isa = PBXFileReference; lastKnownFileType = image.png; path = flexvdi_icon.png; sourceTree = "<group>"; };
		BE5D394A1A1235DF008C2094 /* Localizable.strings */ = {isa = PBXFileReference; fileEncoding = 4; lastKnownFileType = text.plist.strings; path = Localizable.strings; sourceTree = "<group>"; };
		BE5D394C1A1255D2008C2094 /* barra_sup.png */ = {isa = PBXFileReference; lastKnownFileType = image.png; path = barra_sup.png; sourceTree = "<group>"; };
		BEA2334A1A0CC575007978B5 /* MainViewController.h */ = {isa = PBXFileReference; fileEncoding = 4; lastKnownFileType = sourcecode.c.h; path = MainViewController.h; sourceTree = "<group>"; };
		BEA2334B1A0CC575007978B5 /* MainViewController.m */ = {isa = PBXFileReference; fileEncoding = 4; lastKnownFileType = sourcecode.c.objc; path = MainViewController.m; sourceTree = "<group>"; };
		BEA2F85F1A0BB94B00C2D8BF /* LoginController.h */ = {isa = PBXFileReference; fileEncoding = 4; lastKnownFileType = sourcecode.c.h; path = LoginController.h; sourceTree = "<group>"; };
		BEA2F8601A0BB94B00C2D8BF /* LoginController.m */ = {isa = PBXFileReference; fileEncoding = 4; lastKnownFileType = sourcecode.c.objc; path = LoginController.m; sourceTree = "<group>"; };
		BEA2F8621A0BBB2600C2D8BF /* Toast+UIView.h */ = {isa = PBXFileReference; fileEncoding = 4; lastKnownFileType = sourcecode.c.h; path = "Toast+UIView.h"; sourceTree = "<group>"; };
		BEA2F8631A0BBB2600C2D8BF /* Toast+UIView.m */ = {isa = PBXFileReference; fileEncoding = 4; lastKnownFileType = sourcecode.c.objc; path = "Toast+UIView.m"; sourceTree = "<group>"; };
		BEA2F8651A0BBB6A00C2D8BF /* flexConstants.h */ = {isa = PBXFileReference; lastKnownFileType = sourcecode.c.h; path = flexConstants.h; sourceTree = "<group>"; };
		BEA2F8661A0BBBF800C2D8BF /* DesktopTableViewCell.m */ = {isa = PBXFileReference; fileEncoding = 4; lastKnownFileType = sourcecode.c.objc; path = DesktopTableViewCell.m; sourceTree = "<group>"; };
		BEA2F8671A0BBBF800C2D8BF /* DesktopTableViewCell.h */ = {isa = PBXFileReference; fileEncoding = 4; lastKnownFileType = sourcecode.c.h; path = DesktopTableViewCell.h; sourceTree = "<group>"; };
		BEA2F8EA1A0BCC9F00C2D8BF /* ConfigViewController.h */ = {isa = PBXFileReference; fileEncoding = 4; lastKnownFileType = sourcecode.c.h; path = ConfigViewController.h; sourceTree = "<group>"; };
		BEA2F8EB1A0BCC9F00C2D8BF /* ConfigViewController.m */ = {isa = PBXFileReference; fileEncoding = 4; lastKnownFileType = sourcecode.c.objc; path = ConfigViewController.m; sourceTree = "<group>"; };
		BEAF3EC71A0A488F0056C6A8 /* keyboard.png */ = {isa = PBXFileReference; lastKnownFileType = image.png; path = keyboard.png; sourceTree = "<group>"; };
		BEAF3EC91A0A6BB00056C6A8 /* KeyboardView.h */ = {isa = PBXFileReference; fileEncoding = 4; lastKnownFileType = sourcecode.c.h; path = KeyboardView.h; sourceTree = "<group>"; };
		BEAF3ECA1A0A6BB00056C6A8 /* KeyboardView.m */ = {isa = PBXFileReference; fileEncoding = 4; lastKnownFileType = sourcecode.c.objc; path = KeyboardView.m; sourceTree = "<group>"; };
		BEE6190A1A13696800448F71 /* Base */ = {isa = PBXFileReference; lastKnownFileType = file.storyboard; name = Base; path = Base.lproj/Main_iPad.storyboard; sourceTree = "<group>"; };
		BEF904CC1BD4D84A009F363D /* HockeySDK.framework */ = {isa = PBXFileReference; lastKnownFileType = wrapper.framework; name = HockeySDK.framework; path = "HockeySDK-iOS/HockeySDK.embeddedframework/HockeySDK.framework"; sourceTree = "<group>"; };
		BEF904CE1BD4E8C0009F363D /* HockeySDK.xcconfig */ = {isa = PBXFileReference; fileEncoding = 4; lastKnownFileType = text.xcconfig; name = HockeySDK.xcconfig; path = "../HockeySDK-iOS/HockeySDK.embeddedframework/Resources/HockeySDK.xcconfig"; sourceTree = "<group>"; };
		BEF904CF1BD4E8C0009F363D /* HockeySDKResources.bundle */ = {isa = PBXFileReference; lastKnownFileType = "wrapper.plug-in"; name = HockeySDKResources.bundle; path = "../HockeySDK-iOS/HockeySDK.embeddedframework/Resources/HockeySDKResources.bundle"; sourceTree = "<group>"; };
		D8985CFD1A03BA6E00B240FF /* libiconv.dylib */ = {isa = PBXFileReference; lastKnownFileType = "compiled.mach-o.dylib"; name = libiconv.dylib; path = usr/lib/libiconv.dylib; sourceTree = SDKROOT; };
		D8985CFF1A03BB2100B240FF /* libresolv.dylib */ = {isa = PBXFileReference; lastKnownFileType = "compiled.mach-o.dylib"; name = libresolv.dylib; path = usr/lib/libresolv.dylib; sourceTree = SDKROOT; };
		D8985D051A03D78200B240FF /* ESRenderer.h */ = {isa = PBXFileReference; fileEncoding = 4; lastKnownFileType = sourcecode.c.h; path = ESRenderer.h; sourceTree = "<group>"; };
		D8985D081A03D82200B240FF /* ES1Renderer.h */ = {isa = PBXFileReference; fileEncoding = 4; lastKnownFileType = sourcecode.c.h; path = ES1Renderer.h; sourceTree = "<group>"; };
		D8985D091A03D82200B240FF /* ES1Renderer.m */ = {isa = PBXFileReference; fileEncoding = 4; lastKnownFileType = sourcecode.c.objc; path = ES1Renderer.m; sourceTree = "<group>"; };
		D8FD562D1A03A77A00292158 /* flexVDI.app */ = {isa = PBXFileReference; explicitFileType = wrapper.application; includeInIndex = 0; path = flexVDI.app; sourceTree = BUILT_PRODUCTS_DIR; };
		D8FD56301A03A77A00292158 /* Foundation.framework */ = {isa = PBXFileReference; lastKnownFileType = wrapper.framework; name = Foundation.framework; path = System/Library/Frameworks/Foundation.framework; sourceTree = SDKROOT; };
		D8FD56321A03A77A00292158 /* CoreGraphics.framework */ = {isa = PBXFileReference; lastKnownFileType = wrapper.framework; name = CoreGraphics.framework; path = System/Library/Frameworks/CoreGraphics.framework; sourceTree = SDKROOT; };
		D8FD56341A03A77A00292158 /* UIKit.framework */ = {isa = PBXFileReference; lastKnownFileType = wrapper.framework; name = UIKit.framework; path = System/Library/Frameworks/UIKit.framework; sourceTree = SDKROOT; };
		D8FD56361A03A77A00292158 /* GLKit.framework */ = {isa = PBXFileReference; lastKnownFileType = wrapper.framework; name = GLKit.framework; path = System/Library/Frameworks/GLKit.framework; sourceTree = SDKROOT; };
		D8FD56381A03A77A00292158 /* OpenGLES.framework */ = {isa = PBXFileReference; lastKnownFileType = wrapper.framework; name = OpenGLES.framework; path = System/Library/Frameworks/OpenGLES.framework; sourceTree = SDKROOT; };
		D8FD563C1A03A77A00292158 /* iOSLauncher-Info.plist */ = {isa = PBXFileReference; lastKnownFileType = text.plist.xml; path = "iOSLauncher-Info.plist"; sourceTree = "<group>"; };
		D8FD563E1A03A77A00292158 /* en */ = {isa = PBXFileReference; lastKnownFileType = text.plist.strings; name = en; path = en.lproj/InfoPlist.strings; sourceTree = "<group>"; };
		D8FD56401A03A77A00292158 /* main.m */ = {isa = PBXFileReference; lastKnownFileType = sourcecode.c.objc; path = main.m; sourceTree = "<group>"; };
		D8FD56421A03A77A00292158 /* iOSLauncher-Prefix.pch */ = {isa = PBXFileReference; lastKnownFileType = sourcecode.c.h; path = "iOSLauncher-Prefix.pch"; sourceTree = "<group>"; };
		D8FD56431A03A77A00292158 /* AppDelegate.h */ = {isa = PBXFileReference; lastKnownFileType = sourcecode.c.h; path = AppDelegate.h; sourceTree = "<group>"; };
		D8FD56441A03A77A00292158 /* AppDelegate.m */ = {isa = PBXFileReference; lastKnownFileType = sourcecode.c.objc; path = AppDelegate.m; sourceTree = "<group>"; };
		D8FD56471A03A77A00292158 /* Base */ = {isa = PBXFileReference; lastKnownFileType = file.storyboard; name = Base; path = Base.lproj/Main_iPhone.storyboard; sourceTree = "<group>"; };
		D8FD56501A03A77A00292158 /* MainView.h */ = {isa = PBXFileReference; lastKnownFileType = sourcecode.c.h; path = MainView.h; sourceTree = "<group>"; };
		D8FD56511A03A77A00292158 /* MainView.m */ = {isa = PBXFileReference; lastKnownFileType = sourcecode.c.objc; path = MainView.m; sourceTree = "<group>"; };
		D8FD56531A03A77A00292158 /* Images.xcassets */ = {isa = PBXFileReference; lastKnownFileType = folder.assetcatalog; path = Images.xcassets; sourceTree = "<group>"; };
		D8FD565A1A03A77A00292158 /* XCTest.framework */ = {isa = PBXFileReference; lastKnownFileType = wrapper.framework; name = XCTest.framework; path = Library/Frameworks/XCTest.framework; sourceTree = DEVELOPER_DIR; };
		D8FD56621A03A77A00292158 /* iOSLauncherTests-Info.plist */ = {isa = PBXFileReference; lastKnownFileType = text.plist.xml; path = "iOSLauncherTests-Info.plist"; sourceTree = "<group>"; };
		D8FD56641A03A77A00292158 /* en */ = {isa = PBXFileReference; lastKnownFileType = text.plist.strings; name = en; path = en.lproj/InfoPlist.strings; sourceTree = "<group>"; };
		D8FD56661A03A77A00292158 /* iOSLauncherTests.m */ = {isa = PBXFileReference; lastKnownFileType = sourcecode.c.objc; path = iOSLauncherTests.m; sourceTree = "<group>"; };
		D8FD56721A03A8BD00292158 /* draw.c */ = {isa = PBXFileReference; fileEncoding = 4; lastKnownFileType = sourcecode.c.c; path = draw.c; sourceTree = "<group>"; };
		D8FD56731A03A8BD00292158 /* draw.h */ = {isa = PBXFileReference; fileEncoding = 4; lastKnownFileType = sourcecode.c.h; path = draw.h; sourceTree = "<group>"; };
		D8FD56741A03A8BD00292158 /* globals.h */ = {isa = PBXFileReference; fileEncoding = 4; lastKnownFileType = sourcecode.c.h; path = globals.h; sourceTree = "<group>"; };
		D8FD56751A03A8BD00292158 /* io_interface.c */ = {isa = PBXFileReference; fileEncoding = 4; lastKnownFileType = sourcecode.c.c; path = io_interface.c; sourceTree = "<group>"; };
		D8FD56761A03A8BD00292158 /* io_interface.h */ = {isa = PBXFileReference; fileEncoding = 4; lastKnownFileType = sourcecode.c.h; path = io_interface.h; sourceTree = "<group>"; };
		D8FD56771A03A8BD00292158 /* native.h */ = {isa = PBXFileReference; fileEncoding = 4; lastKnownFileType = sourcecode.c.h; path = native.h; sourceTree = "<group>"; };
		D8FD56781A03A8BD00292158 /* spice.c */ = {isa = PBXFileReference; fileEncoding = 4; lastKnownFileType = sourcecode.c.c; path = spice.c; sourceTree = "<group>"; };
		D8FD56791A03A8BD00292158 /* spice.h */ = {isa = PBXFileReference; fileEncoding = 4; lastKnownFileType = sourcecode.c.h; path = spice.h; sourceTree = "<group>"; };
		D8FD567D1A03B05200292158 /* spice-mono-glue.h */ = {isa = PBXFileReference; fileEncoding = 4; lastKnownFileType = sourcecode.c.h; path = "spice-mono-glue.h"; sourceTree = "<group>"; };
/* End PBXFileReference section */

/* Begin PBXFrameworksBuildPhase section */
		D8FD562A1A03A77A00292158 /* Frameworks */ = {
			isa = PBXFrameworksBuildPhase;
			buildActionMask = 2147483647;
			files = (
				BE3013521BD680FA00EE5B7D /* VideoToolbox.framework in Frameworks */,
				BE3013501BD680C900EE5B7D /* AudioToolbox.framework in Frameworks */,
				BE30134E1BD680AE00EE5B7D /* CoreVideo.framework in Frameworks */,
				BE30134C1BD680A900EE5B7D /* CoreAudio.framework in Frameworks */,
				BE30134A1BD680A000EE5B7D /* AVFoundation.framework in Frameworks */,
				BE3013481BD6807000EE5B7D /* CoreMedia.framework in Frameworks */,
				BE3013431BD67AF400EE5B7D /* GStreamer.framework in Frameworks */,
				BEF904CD1BD4D84A009F363D /* HockeySDK.framework in Frameworks */,
				BE3F13711BCEACBE00334757 /* libspice-mono-glue.a in Frameworks */,
				BE4AF8AD1BC68481007022C3 /* libnopoll.a in Frameworks */,
				BE4AF8AB1BC68461007022C3 /* libcrypto.a in Frameworks */,
				BE4AF8A91BC68446007022C3 /* libssl.a in Frameworks */,
				BE4AF8A71BC68033007022C3 /* libspice-client-glib-2.0.a in Frameworks */,
				D8985D001A03BB2100B240FF /* libresolv.dylib in Frameworks */,
				D8985CFE1A03BA6E00B240FF /* libiconv.dylib in Frameworks */,
				D8FD56391A03A77A00292158 /* OpenGLES.framework in Frameworks */,
				D8FD56331A03A77A00292158 /* CoreGraphics.framework in Frameworks */,
				D8FD56351A03A77A00292158 /* UIKit.framework in Frameworks */,
				D8FD56371A03A77A00292158 /* GLKit.framework in Frameworks */,
				D8FD56311A03A77A00292158 /* Foundation.framework in Frameworks */,
			);
			runOnlyForDeploymentPostprocessing = 0;
		};
/* End PBXFrameworksBuildPhase section */

/* Begin PBXGroup section */
		BEAF3EC61A0A47B00056C6A8 /* res */ = {
			isa = PBXGroup;
			children = (
				BEF904CE1BD4E8C0009F363D /* HockeySDK.xcconfig */,
				BEF904CF1BD4E8C0009F363D /* HockeySDKResources.bundle */,
				BE588B151A24EE4000ACED16 /* beep-timber.aif */,
				BE5D394C1A1255D2008C2094 /* barra_sup.png */,
				BE5D39411A1233A7008C2094 /* config_icon.png */,
				BE5D39421A1233A7008C2094 /* flexvdi_icon.png */,
				BEAF3EC71A0A488F0056C6A8 /* keyboard.png */,
			);
			path = res;
			sourceTree = "<group>";
		};
		D8FD56241A03A77A00292158 = {
			isa = PBXGroup;
			children = (
				BEAF3EC61A0A47B00056C6A8 /* res */,
				D8FD56711A03A7D200292158 /* src */,
				D8FD563A1A03A77A00292158 /* iOSLauncher */,
				D8FD56601A03A77A00292158 /* iOSLauncherTests */,
				D8FD562F1A03A77A00292158 /* Frameworks */,
				D8FD562E1A03A77A00292158 /* Products */,
			);
			sourceTree = "<group>";
		};
		D8FD562E1A03A77A00292158 /* Products */ = {
			isa = PBXGroup;
			children = (
				D8FD562D1A03A77A00292158 /* flexVDI.app */,
			);
			name = Products;
			sourceTree = "<group>";
		};
		D8FD562F1A03A77A00292158 /* Frameworks */ = {
			isa = PBXGroup;
			children = (
				BE3013511BD680FA00EE5B7D /* VideoToolbox.framework */,
				BE30134F1BD680C900EE5B7D /* AudioToolbox.framework */,
				BE30134D1BD680AE00EE5B7D /* CoreVideo.framework */,
				BE30134B1BD680A900EE5B7D /* CoreAudio.framework */,
				BE3013491BD680A000EE5B7D /* AVFoundation.framework */,
				BE3013471BD6807000EE5B7D /* CoreMedia.framework */,
				BE3013421BD67AF400EE5B7D /* GStreamer.framework */,
				BEF904CC1BD4D84A009F363D /* HockeySDK.framework */,
				BE3F13701BCEACBE00334757 /* libspice-mono-glue.a */,
				BE4AF8AC1BC68481007022C3 /* libnopoll.a */,
				BE4AF8AA1BC68461007022C3 /* libcrypto.a */,
				BE4AF8A81BC68446007022C3 /* libssl.a */,
				BE4AF8A61BC68033007022C3 /* libspice-client-glib-2.0.a */,
				D8985CFF1A03BB2100B240FF /* libresolv.dylib */,
				D8985CFD1A03BA6E00B240FF /* libiconv.dylib */,
				D8FD56301A03A77A00292158 /* Foundation.framework */,
				D8FD56321A03A77A00292158 /* CoreGraphics.framework */,
				D8FD56341A03A77A00292158 /* UIKit.framework */,
				D8FD56361A03A77A00292158 /* GLKit.framework */,
				D8FD56381A03A77A00292158 /* OpenGLES.framework */,
				D8FD565A1A03A77A00292158 /* XCTest.framework */,
			);
			name = Frameworks;
			sourceTree = "<group>";
		};
		D8FD563A1A03A77A00292158 /* iOSLauncher */ = {
			isa = PBXGroup;
			children = (
				BE1A4ACE1A0D1399002983C2 /* Reachability.h */,
				BE1A4ACF1A0D1399002983C2 /* Reachability.m */,
				BEA2F8EA1A0BCC9F00C2D8BF /* ConfigViewController.h */,
				BEA2F8EB1A0BCC9F00C2D8BF /* ConfigViewController.m */,
				BEA2F8621A0BBB2600C2D8BF /* Toast+UIView.h */,
				BEA2F8661A0BBBF800C2D8BF /* DesktopTableViewCell.m */,
				BEA2F8671A0BBBF800C2D8BF /* DesktopTableViewCell.h */,
				BEA2F8631A0BBB2600C2D8BF /* Toast+UIView.m */,
				D8FD56431A03A77A00292158 /* AppDelegate.h */,
				D8FD56441A03A77A00292158 /* AppDelegate.m */,
				D8FD56461A03A77A00292158 /* Main_iPhone.storyboard */,
				BEE619091A13696800448F71 /* Main_iPad.storyboard */,
				D8FD56501A03A77A00292158 /* MainView.h */,
				D8FD56511A03A77A00292158 /* MainView.m */,
				D8FD56531A03A77A00292158 /* Images.xcassets */,
				D8FD563B1A03A77A00292158 /* Supporting Files */,
				D8985D051A03D78200B240FF /* ESRenderer.h */,
				D8985D081A03D82200B240FF /* ES1Renderer.h */,
				D8985D091A03D82200B240FF /* ES1Renderer.m */,
				BEAF3EC91A0A6BB00056C6A8 /* KeyboardView.h */,
				BEAF3ECA1A0A6BB00056C6A8 /* KeyboardView.m */,
				BEA2F85F1A0BB94B00C2D8BF /* LoginController.h */,
				BEA2F8601A0BB94B00C2D8BF /* LoginController.m */,
				BEA2F8651A0BBB6A00C2D8BF /* flexConstants.h */,
				BEA2334A1A0CC575007978B5 /* MainViewController.h */,
				BEA2334B1A0CC575007978B5 /* MainViewController.m */,
				BE3013441BD67BC100EE5B7D /* gst_ios_init.h */,
				BE3013451BD67BE900EE5B7D /* gst_ios_init.m */,
			);
			path = iOSLauncher;
			sourceTree = "<group>";
		};
		D8FD563B1A03A77A00292158 /* Supporting Files */ = {
			isa = PBXGroup;
			children = (
				D8FD563C1A03A77A00292158 /* iOSLauncher-Info.plist */,
				D8FD563D1A03A77A00292158 /* InfoPlist.strings */,
				D8FD56401A03A77A00292158 /* main.m */,
				D8FD56421A03A77A00292158 /* iOSLauncher-Prefix.pch */,
				BE5D394A1A1235DF008C2094 /* Localizable.strings */,
			);
			name = "Supporting Files";
			sourceTree = "<group>";
		};
		D8FD56601A03A77A00292158 /* iOSLauncherTests */ = {
			isa = PBXGroup;
			children = (
				D8FD56661A03A77A00292158 /* iOSLauncherTests.m */,
				D8FD56611A03A77A00292158 /* Supporting Files */,
			);
			path = iOSLauncherTests;
			sourceTree = "<group>";
		};
		D8FD56611A03A77A00292158 /* Supporting Files */ = {
			isa = PBXGroup;
			children = (
				D8FD56621A03A77A00292158 /* iOSLauncherTests-Info.plist */,
				D8FD56631A03A77A00292158 /* InfoPlist.strings */,
			);
			name = "Supporting Files";
			sourceTree = "<group>";
		};
		D8FD56711A03A7D200292158 /* src */ = {
			isa = PBXGroup;
			children = (
				D8FD567D1A03B05200292158 /* spice-mono-glue.h */,
				D8FD56721A03A8BD00292158 /* draw.c */,
				D8FD56731A03A8BD00292158 /* draw.h */,
				D8FD56741A03A8BD00292158 /* globals.h */,
				D8FD56751A03A8BD00292158 /* io_interface.c */,
				D8FD56761A03A8BD00292158 /* io_interface.h */,
				D8FD56771A03A8BD00292158 /* native.h */,
				D8FD56781A03A8BD00292158 /* spice.c */,
				D8FD56791A03A8BD00292158 /* spice.h */,
			);
			name = src;
			sourceTree = "<group>";
		};
/* End PBXGroup section */

/* Begin PBXNativeTarget section */
		D8FD562C1A03A77A00292158 /* iOSLauncher */ = {
			isa = PBXNativeTarget;
			buildConfigurationList = D8FD566A1A03A77A00292158 /* Build configuration list for PBXNativeTarget "iOSLauncher" */;
			buildPhases = (
				D8FD56291A03A77A00292158 /* Sources */,
				D8FD562A1A03A77A00292158 /* Frameworks */,
				D8FD562B1A03A77A00292158 /* Resources */,
				BEF904C51BD4CEF0009F363D /* ShellScript */,
			);
			buildRules = (
			);
			dependencies = (
			);
			name = iOSLauncher;
			productName = iOSLauncher;
			productReference = D8FD562D1A03A77A00292158 /* flexVDI.app */;
			productType = "com.apple.product-type.application";
		};
/* End PBXNativeTarget section */

/* Begin PBXProject section */
		D8FD56251A03A77A00292158 /* Project object */ = {
			isa = PBXProject;
			attributes = {
				LastUpgradeCheck = 0700;
				ORGANIZATIONNAME = "Flexible Software Solutions S.L.";
				TargetAttributes = {
					D8FD562C1A03A77A00292158 = {
						DevelopmentTeam = 4GPXVCF3S2;
					};
				};
			};
			buildConfigurationList = D8FD56281A03A77A00292158 /* Build configuration list for PBXProject "iOSLauncher" */;
			compatibilityVersion = "Xcode 3.2";
			developmentRegion = English;
			hasScannedForEncodings = 0;
			knownRegions = (
				en,
				Base,
			);
			mainGroup = D8FD56241A03A77A00292158;
			productRefGroup = D8FD562E1A03A77A00292158 /* Products */;
			projectDirPath = "";
			projectRoot = "";
			targets = (
				D8FD562C1A03A77A00292158 /* iOSLauncher */,
			);
		};
/* End PBXProject section */

/* Begin PBXResourcesBuildPhase section */
		D8FD562B1A03A77A00292158 /* Resources */ = {
			isa = PBXResourcesBuildPhase;
			buildActionMask = 2147483647;
			files = (
				BE5D39451A1233A7008C2094 /* flexvdi_icon.png in Resources */,
				BEAF3EC81A0A488F0056C6A8 /* keyboard.png in Resources */,
				D8FD56481A03A77A00292158 /* Main_iPhone.storyboard in Resources */,
				BE588B161A24EE4000ACED16 /* beep-timber.aif in Resources */,
				BEE6190B1A13696800448F71 /* Main_iPad.storyboard in Resources */,
				D8FD56541A03A77A00292158 /* Images.xcassets in Resources */,
				BEF904D01BD4E8C0009F363D /* HockeySDK.xcconfig in Resources */,
				BEF904D11BD4E8C0009F363D /* HockeySDKResources.bundle in Resources */,
				D8FD563F1A03A77A00292158 /* InfoPlist.strings in Resources */,
				BE5D394D1A1255D2008C2094 /* barra_sup.png in Resources */,
				BE5D394B1A1235DF008C2094 /* Localizable.strings in Resources */,
				BE5D39441A1233A7008C2094 /* config_icon.png in Resources */,
			);
			runOnlyForDeploymentPostprocessing = 0;
		};
/* End PBXResourcesBuildPhase section */

/* Begin PBXShellScriptBuildPhase section */
		BEF904C51BD4CEF0009F363D /* ShellScript */ = {
			isa = PBXShellScriptBuildPhase;
			buildActionMask = 2147483647;
			files = (
			);
			inputPaths = (
			);
			outputPaths = (
			);
			runOnlyForDeploymentPostprocessing = 0;
			shellPath = /bin/sh;
			shellScript = "FILE=\"${SRCROOT}/HockeySDK-iOS/BuildAgent\"\nif [ -f \"$FILE\" ]; then\n    \"$FILE\"\nfi";
		};
/* End PBXShellScriptBuildPhase section */

/* Begin PBXSourcesBuildPhase section */
		D8FD56291A03A77A00292158 /* Sources */ = {
			isa = PBXSourcesBuildPhase;
			buildActionMask = 2147483647;
			files = (
				D8FD567C1A03A8BD00292158 /* spice.c in Sources */,
				BEA2F8681A0BBBF800C2D8BF /* DesktopTableViewCell.m in Sources */,
				D8FD56521A03A77A00292158 /* MainView.m in Sources */,
				D8FD567A1A03A8BD00292158 /* draw.c in Sources */,
				BEA2334C1A0CC575007978B5 /* MainViewController.m in Sources */,
				D8FD56451A03A77A00292158 /* AppDelegate.m in Sources */,
				D8FD567B1A03A8BD00292158 /* io_interface.c in Sources */,
				BEAF3ECB1A0A6BB00056C6A8 /* KeyboardView.m in Sources */,
				BEA2F8641A0BBB2600C2D8BF /* Toast+UIView.m in Sources */,
				D8985D0A1A03D82200B240FF /* ES1Renderer.m in Sources */,
				BE1A4AD01A0D1399002983C2 /* Reachability.m in Sources */,
				D8FD56411A03A77A00292158 /* main.m in Sources */,
				BEA2F8EC1A0BCC9F00C2D8BF /* ConfigViewController.m in Sources */,
				BEA2F8611A0BB94B00C2D8BF /* LoginController.m in Sources */,
				BE3013461BD67BE900EE5B7D /* gst_ios_init.m in Sources */,
			);
			runOnlyForDeploymentPostprocessing = 0;
		};
/* End PBXSourcesBuildPhase section */

/* Begin PBXVariantGroup section */
		BEE619091A13696800448F71 /* Main_iPad.storyboard */ = {
			isa = PBXVariantGroup;
			children = (
				BEE6190A1A13696800448F71 /* Base */,
			);
			name = Main_iPad.storyboard;
			sourceTree = "<group>";
		};
		D8FD563D1A03A77A00292158 /* InfoPlist.strings */ = {
			isa = PBXVariantGroup;
			children = (
				D8FD563E1A03A77A00292158 /* en */,
			);
			name = InfoPlist.strings;
			sourceTree = "<group>";
		};
		D8FD56461A03A77A00292158 /* Main_iPhone.storyboard */ = {
			isa = PBXVariantGroup;
			children = (
				D8FD56471A03A77A00292158 /* Base */,
			);
			name = Main_iPhone.storyboard;
			sourceTree = "<group>";
		};
		D8FD56631A03A77A00292158 /* InfoPlist.strings */ = {
			isa = PBXVariantGroup;
			children = (
				D8FD56641A03A77A00292158 /* en */,
			);
			name = InfoPlist.strings;
			sourceTree = "<group>";
		};
/* End PBXVariantGroup section */

/* Begin XCBuildConfiguration section */
		D8FD56681A03A77A00292158 /* Debug */ = {
			isa = XCBuildConfiguration;
			buildSettings = {
				ALWAYS_SEARCH_USER_PATHS = NO;
				CLANG_CXX_LANGUAGE_STANDARD = "gnu++0x";
				CLANG_CXX_LIBRARY = "libc++";
				CLANG_ENABLE_MODULES = YES;
				CLANG_ENABLE_OBJC_ARC = YES;
				CLANG_WARN_BOOL_CONVERSION = YES;
				CLANG_WARN_CONSTANT_CONVERSION = YES;
				CLANG_WARN_DIRECT_OBJC_ISA_USAGE = YES_ERROR;
				CLANG_WARN_EMPTY_BODY = YES;
				CLANG_WARN_ENUM_CONVERSION = YES;
				CLANG_WARN_INT_CONVERSION = YES;
				CLANG_WARN_OBJC_ROOT_CLASS = YES_ERROR;
				CLANG_WARN__DUPLICATE_METHOD_MATCH = YES;
				CODE_SIGN_IDENTITY = "";
				"CODE_SIGN_IDENTITY[sdk=iphoneos*]" = "";
				COPY_PHASE_STRIP = NO;
				ENABLE_BITCODE = NO;
				ENABLE_TESTABILITY = YES;
				GCC_C_LANGUAGE_STANDARD = gnu99;
				GCC_DYNAMIC_NO_PIC = NO;
				GCC_OPTIMIZATION_LEVEL = 0;
				GCC_PREPROCESSOR_DEFINITIONS = (
					"DEBUG=1",
					"$(inherited)",
				);
				GCC_SYMBOLS_PRIVATE_EXTERN = NO;
				GCC_WARN_64_TO_32_BIT_CONVERSION = YES;
				GCC_WARN_ABOUT_RETURN_TYPE = YES_ERROR;
				GCC_WARN_UNDECLARED_SELECTOR = YES;
				GCC_WARN_UNINITIALIZED_AUTOS = YES_AGGRESSIVE;
				GCC_WARN_UNUSED_FUNCTION = YES;
				GCC_WARN_UNUSED_VARIABLE = YES;
				IPHONEOS_DEPLOYMENT_TARGET = 7.1;
				ONLY_ACTIVE_ARCH = YES;
				PROVISIONING_PROFILE = "";
				SDKROOT = iphoneos;
				TARGETED_DEVICE_FAMILY = "1,2";
			};
			name = Debug;
		};
		D8FD56691A03A77A00292158 /* Release */ = {
			isa = XCBuildConfiguration;
			buildSettings = {
				ALWAYS_SEARCH_USER_PATHS = NO;
				CLANG_CXX_LANGUAGE_STANDARD = "gnu++0x";
				CLANG_CXX_LIBRARY = "libc++";
				CLANG_ENABLE_MODULES = YES;
				CLANG_ENABLE_OBJC_ARC = YES;
				CLANG_WARN_BOOL_CONVERSION = YES;
				CLANG_WARN_CONSTANT_CONVERSION = YES;
				CLANG_WARN_DIRECT_OBJC_ISA_USAGE = YES_ERROR;
				CLANG_WARN_EMPTY_BODY = YES;
				CLANG_WARN_ENUM_CONVERSION = YES;
				CLANG_WARN_INT_CONVERSION = YES;
				CLANG_WARN_OBJC_ROOT_CLASS = YES_ERROR;
				CLANG_WARN__DUPLICATE_METHOD_MATCH = YES;
				CODE_SIGN_IDENTITY = "";
				"CODE_SIGN_IDENTITY[sdk=iphoneos*]" = "";
				COPY_PHASE_STRIP = YES;
				ENABLE_BITCODE = NO;
				ENABLE_NS_ASSERTIONS = NO;
				GCC_C_LANGUAGE_STANDARD = gnu99;
				GCC_WARN_64_TO_32_BIT_CONVERSION = YES;
				GCC_WARN_ABOUT_RETURN_TYPE = YES_ERROR;
				GCC_WARN_UNDECLARED_SELECTOR = YES;
				GCC_WARN_UNINITIALIZED_AUTOS = YES_AGGRESSIVE;
				GCC_WARN_UNUSED_FUNCTION = YES;
				GCC_WARN_UNUSED_VARIABLE = YES;
				IPHONEOS_DEPLOYMENT_TARGET = 7.1;
				PROVISIONING_PROFILE = "";
				SDKROOT = iphoneos;
				TARGETED_DEVICE_FAMILY = "1,2";
				VALIDATE_PRODUCT = YES;
			};
			name = Release;
		};
		D8FD566B1A03A77A00292158 /* Debug */ = {
			isa = XCBuildConfiguration;
			buildSettings = {
				ASSETCATALOG_COMPILER_APPICON_NAME = AppIcon;
				ASSETCATALOG_COMPILER_LAUNCHIMAGE_NAME = LaunchImage;
				CODE_SIGN_IDENTITY = "iPhone Developer";
				"CODE_SIGN_IDENTITY[sdk=iphoneos*]" = "iPhone Developer";
				"DYLIB_COMPATIBILITY_VERSION[sdk=*]" = "";
				FRAMEWORK_SEARCH_PATHS = (
					"$(inherited)",
					"$(USER_LIBRARY_DIR)/Developer/GStreamer/iPhone.sdk",
					"$(LOCAL_LIBRARY_DIR)/Frameworks",
					"$(PROJECT_DIR)/HockeySDK-iOS/HockeySDK.embeddedframework",
				);
				GCC_LINK_WITH_DYNAMIC_LIBRARIES = NO;
				GCC_PRECOMPILE_PREFIX_HEADER = YES;
				GCC_PREFIX_HEADER = "iOSLauncher/iOSLauncher-Prefix.pch";
				GCC_PREPROCESSOR_DEFINITIONS = "$(inherited)";
				HEADER_SEARCH_PATHS = /Users/slopez/Library/Developer/GStreamer/iPhone.sdk/GStreamer.framework/Headers;
				INFOPLIST_FILE = "iOSLauncher/iOSLauncher-Info.plist";
				IPHONEOS_DEPLOYMENT_TARGET = 7.1;
				LIBRARY_SEARCH_PATHS = (
					"$(inherited)",
					/Users/slopez/cerbero/dist/ios_universal/lib,
				);
				PRODUCT_BUNDLE_IDENTIFIER = es.flexvm.flexVDI;
				PRODUCT_NAME = flexVDI;
				PROVISIONING_PROFILE = "";
				VALID_ARCHS = "arm64 armv7";
				WRAPPER_EXTENSION = app;
			};
			name = Debug;
		};
		D8FD566C1A03A77A00292158 /* Release */ = {
			isa = XCBuildConfiguration;
			buildSettings = {
				ASSETCATALOG_COMPILER_APPICON_NAME = AppIcon;
				ASSETCATALOG_COMPILER_LAUNCHIMAGE_NAME = LaunchImage;
				CODE_SIGN_IDENTITY = "iPhone Developer";
				"CODE_SIGN_IDENTITY[sdk=iphoneos*]" = "iPhone Developer";
				FRAMEWORK_SEARCH_PATHS = (
					"$(inherited)",
					"$(USER_LIBRARY_DIR)/Developer/GStreamer/iPhone.sdk",
					"$(LOCAL_LIBRARY_DIR)/Frameworks",
					"$(PROJECT_DIR)/HockeySDK-iOS/HockeySDK.embeddedframework",
				);
				GCC_LINK_WITH_DYNAMIC_LIBRARIES = NO;
				GCC_PRECOMPILE_PREFIX_HEADER = YES;
				GCC_PREFIX_HEADER = "iOSLauncher/iOSLauncher-Prefix.pch";
				GCC_PREPROCESSOR_DEFINITIONS = "";
				HEADER_SEARCH_PATHS = /Users/slopez/Library/Developer/GStreamer/iPhone.sdk/GStreamer.framework/Headers;
				INFOPLIST_FILE = "iOSLauncher/iOSLauncher-Info.plist";
				IPHONEOS_DEPLOYMENT_TARGET = 7.1;
				LIBRARY_SEARCH_PATHS = (
					"$(inherited)",
					/Users/slopez/cerbero/dist/ios_universal/lib,
				);
				PRODUCT_BUNDLE_IDENTIFIER = es.flexvm.flexVDI;
				PRODUCT_NAME = flexVDI;
				PROVISIONING_PROFILE = "";
				VALID_ARCHS = "arm64 armv7";
				WRAPPER_EXTENSION = app;
			};
			name = Release;
		};
/* End XCBuildConfiguration section */

/* Begin XCConfigurationList section */
		D8FD56281A03A77A00292158 /* Build configuration list for PBXProject "iOSLauncher" */ = {
			isa = XCConfigurationList;
			buildConfigurations = (
				D8FD56681A03A77A00292158 /* Debug */,
				D8FD56691A03A77A00292158 /* Release */,
			);
			defaultConfigurationIsVisible = 0;
			defaultConfigurationName = Release;
		};
		D8FD566A1A03A77A00292158 /* Build configuration list for PBXNativeTarget "iOSLauncher" */ = {
			isa = XCConfigurationList;
			buildConfigurations = (
				D8FD566B1A03A77A00292158 /* Debug */,
				D8FD566C1A03A77A00292158 /* Release */,
			);
			defaultConfigurationIsVisible = 0;
			defaultConfigurationName = Release;
		};
/* End XCConfigurationList section */
	};
	rootObject = D8FD56251A03A77A00292158 /* Project object */;
}
